{
  "nodes": {
    "nixpkgs": {
      "locked": {
        "lastModified": 1616305499,
        "narHash": "sha256-WArUDrAuqq9jNLNJI0hBClleALaCysA40WBbQHQlqLg=",
        "owner": "NixOS",
        "repo": "nixpkgs",
        "rev": "9b8530e3721fc008bacac61b6c50a29712ee2f2f",
        "type": "github"
      },
      "original": {
        "id": "nixpkgs",
        "ref": "nixos-20.09",
        "type": "indirect"
      }
    },
    "root": {
      "inputs": {
        "nixpkgs": "nixpkgs"
      }
    }
  },
  "root": "root",
  "version": 7
}
