{
  "nodes": {
    "nixpkgs": {
      "locked": {
        "lastModified": 1620249360,
        "narHash": "sha256-r++4Y0D1xTKtxHFS3xwrh6bvQ5AqCvWwWucFwggQf8U=",
        "owner": "NixOS",
        "repo": "nixpkgs",
        "rev": "eb7e1ef185f6c990cda5f71fdc4fb02e76ab06d5",
        "type": "github"
      },
      "original": {
        "id": "nixpkgs",
        "ref": "nixos-20.09",
        "type": "indirect"
      }
    },
    "root": {
      "inputs": {
        "nixpkgs": "nixpkgs"
      }
    }
  },
  "root": "root",
  "version": 7
}
